{
  "name": "@EAII SUMMER CAMP/2ND PROJECT",
  "lockfileVersion": 3,
  "requires": true,
  "packages": {
    "": {
      "dependencies": {
        "numpy": "^0.0.1",
        "pandas": "^0.0.3",
        "plt": "^1.0.0",
        "seaborn": "^0.0.1-security"
      }
    },
    "node_modules/numpy": {
      "version": "0.0.1",
      "resolved": "https://registry.npmjs.org/numpy/-/numpy-0.0.1.tgz",
      "integrity": "sha512-HPoSFyRtH4dRUGjI6bzeVKgfOeNtIAWLvVWMqbaNGmWKE+npdnZ6L78TEJELgZBb+9XpL6r16vOz1jaQ7YVI7Q==",
      "license": "MIT"
    },
    "node_modules/pandas": {
      "version": "0.0.3",
      "resolved": "https://registry.npmjs.org/pandas/-/pandas-0.0.3.tgz",
      "integrity": "sha512-b6b0XOuj8mvj2Kn6qfcvPmb0ILCcbuep5VYZche3730P9cXQcvarbbvWJxwXkxc3OXyGFYjJ4kozjX5ZXXMrsw==",
      "license": "WTFPL"
    },
    "node_modules/plt": {
      "version": "1.0.0",
      "resolved": "https://registry.npmjs.org/plt/-/plt-1.0.0.tgz",
      "integrity": "sha512-ctELLv/DrQ8mTy1G6kUbrgUFu6pAsPCtYZQ3dXSGQlDkVPqUujzx/ZHbcY7czbeUWIAh66F6Fi7c5Sd33/Wgjw==",
      "license": "Apache-2.0"
    },
    "node_modules/seaborn": {
      "version": "0.0.1-security",
      "resolved": "https://registry.npmjs.org/seaborn/-/seaborn-0.0.1-security.tgz",
      "integrity": "sha512-ea7Iocp2q8A+xrR3z8PluVeFFxyNLxza6ws2ZLdL1bi/J5YNMolhswLb3G+1Op87LJEhNXn6Y9r8YJMR5osflQ=="
    }
  }
}
